
Microsoft Visual Studio Solution File, Format Version 12.00
# Visual Studio Version 16
VisualStudioVersion = 16.0.29613.14
MinimumVisualStudioVersion = 10.0.40219.1
Project("{FAE04EC0-301F-11D3-BF4B-00C04F79EFBC}") = "sortTheNumbers", "sortTheNumbers\sortTheNumbers.csproj", "{E9109D8A-63EA-4337-A0D2-77704D82D639}"
EndProject
Project("{FAE04EC0-301F-11D3-BF4B-00C04F79EFBC}") = "sortTheNumbers.Test", "sortTheNumbers.Test\sortTheNumbers.Test.csproj", "{DE2DE1E0-E221-4171-BB42-D26AF6B01484}"
EndProject
Global
	GlobalSection(SolutionConfigurationPlatforms) = preSolution
		Debug|Any CPU = Debug|Any CPU
		Release|Any CPU = Release|Any CPU
	EndGlobalSection
	GlobalSection(ProjectConfigurationPlatforms) = postSolution
		{E9109D8A-63EA-4337-A0D2-77704D82D639}.Debug|Any CPU.ActiveCfg = Debug|Any CPU
		{E9109D8A-63EA-4337-A0D2-77704D82D639}.Debug|Any CPU.Build.0 = Debug|Any CPU
		{E9109D8A-63EA-4337-A0D2-77704D82D639}.Release|Any CPU.ActiveCfg = Release|Any CPU
		{E9109D8A-63EA-4337-A0D2-77704D82D639}.Release|Any CPU.Build.0 = Release|Any CPU
		{DE2DE1E0-E221-4171-BB42-D26AF6B01484}.Debug|Any CPU.ActiveCfg = Debug|Any CPU
		{DE2DE1E0-E221-4171-BB42-D26AF6B01484}.Debug|Any CPU.Build.0 = Debug|Any CPU
		{DE2DE1E0-E221-4171-BB42-D26AF6B01484}.Release|Any CPU.ActiveCfg = Release|Any CPU
		{DE2DE1E0-E221-4171-BB42-D26AF6B01484}.Release|Any CPU.Build.0 = Release|Any CPU
	EndGlobalSection
	GlobalSection(SolutionProperties) = preSolution
		HideSolutionNode = FALSE
	EndGlobalSection
	GlobalSection(ExtensibilityGlobals) = postSolution
		SolutionGuid = {A4C4DF1F-B438-47E6-9AF6-E627D3AD69B4}
	EndGlobalSection
EndGlobal
